
Microsoft Visual Studio Solution File, Format Version 12.00
# Visual Studio Version 17
VisualStudioVersion = 17.0.32112.339
MinimumVisualStudioVersion = 10.0.40219.1
Project("{9A19103F-16F7-4668-BE54-9A1E7A4F7556}") = "WebAssemblyWithAPI.Server", "src\Server\WebAssemblyWithAPI.Server.csproj", "{A3018331-19D1-43FE-B7BE-59A6D921A550}"
EndProject
Project("{9A19103F-16F7-4668-BE54-9A1E7A4F7556}") = "WebAssemblyWithAPI.Client", "src\Client\WebAssemblyWithAPI.Client.csproj", "{AA5807F8-4EBA-4638-AEDB-15BEA818F0FC}"
EndProject
Project("{9A19103F-16F7-4668-BE54-9A1E7A4F7556}") = "WebAssemblyWithAPI.Shared", "src\Shared\WebAssemblyWithAPI.Shared.csproj", "{00991941-3907-4B3D-B2AA-08205FDA1D2F}"
EndProject
Global
	GlobalSection(SolutionConfigurationPlatforms) = preSolution
		Debug|Any CPU = Debug|Any CPU
		Release|Any CPU = Release|Any CPU
	EndGlobalSection
	GlobalSection(ProjectConfigurationPlatforms) = postSolution
		{A3018331-19D1-43FE-B7BE-59A6D921A550}.Debug|Any CPU.ActiveCfg = Debug|Any CPU
		{A3018331-19D1-43FE-B7BE-59A6D921A550}.Debug|Any CPU.Build.0 = Debug|Any CPU
		{A3018331-19D1-43FE-B7BE-59A6D921A550}.Release|Any CPU.ActiveCfg = Release|Any CPU
		{A3018331-19D1-43FE-B7BE-59A6D921A550}.Release|Any CPU.Build.0 = Release|Any CPU
		{AA5807F8-4EBA-4638-AEDB-15BEA818F0FC}.Debug|Any CPU.ActiveCfg = Debug|Any CPU
		{AA5807F8-4EBA-4638-AEDB-15BEA818F0FC}.Debug|Any CPU.Build.0 = Debug|Any CPU
		{AA5807F8-4EBA-4638-AEDB-15BEA818F0FC}.Release|Any CPU.ActiveCfg = Release|Any CPU
		{AA5807F8-4EBA-4638-AEDB-15BEA818F0FC}.Release|Any CPU.Build.0 = Release|Any CPU
		{00991941-3907-4B3D-B2AA-08205FDA1D2F}.Debug|Any CPU.ActiveCfg = Debug|Any CPU
		{00991941-3907-4B3D-B2AA-08205FDA1D2F}.Debug|Any CPU.Build.0 = Debug|Any CPU
		{00991941-3907-4B3D-B2AA-08205FDA1D2F}.Release|Any CPU.ActiveCfg = Release|Any CPU
		{00991941-3907-4B3D-B2AA-08205FDA1D2F}.Release|Any CPU.Build.0 = Release|Any CPU
	EndGlobalSection
	GlobalSection(SolutionProperties) = preSolution
		HideSolutionNode = FALSE
	EndGlobalSection
	GlobalSection(ExtensibilityGlobals) = postSolution
		SolutionGuid = {B595F39B-90A6-4507-819B-67C1CD94E6E2}
	EndGlobalSection
EndGlobal
